
Microsoft Visual Studio Solution File, Format Version 12.00
Project("{2150E333-8FDC-42A3-9474-1A3956D46DE8}") = "src", "src", "{F9D6163D-AC34-4658-993B-8A157A384548}"
EndProject
Project("{2150E333-8FDC-42A3-9474-1A3956D46DE8}") = "Entities", "Entities", "{40A2EEAB-E0B0-4043-8F69-39B9DC834FEF}"
EndProject
Project("{2150E333-8FDC-42A3-9474-1A3956D46DE8}") = "Utils", "Utils", "{2BBE8C2E-7745-4916-8B67-D5B9421828B1}"
EndProject
Project("{2150E333-8FDC-42A3-9474-1A3956D46DE8}") = "Infrastructure.Interfaces", "Infrastructure.Interfaces", "{5728C117-9F63-4728-8FE9-F2A86CCCA5A5}"
EndProject
Project("{2150E333-8FDC-42A3-9474-1A3956D46DE8}") = "Infrastructure.Implementation", "Infrastructure.Implementation", "{99CD48E9-6654-4B56-89E2-0D28910FE331}"
EndProject
Project("{2150E333-8FDC-42A3-9474-1A3956D46DE8}") = "UseCases", "UseCases", "{AFE73BAF-1A6A-422E-9BDD-F3A5AA15DEB0}"
EndProject
Project("{FAE04EC0-301F-11D3-BF4B-00C04F79EFBC}") = "Entities", "src\Entities\Entities.csproj", "{24B1E1B9-F7DA-4930-8268-E360FB49D374}"
EndProject
Project("{FAE04EC0-301F-11D3-BF4B-00C04F79EFBC}") = "DataAccess.Interfaces", "src\Infrastructure.Interfaces\DataAccess.Interfaces\DataAccess.Interfaces.csproj", "{E526F6CF-74BC-4709-8411-39809B54522B}"
EndProject
Project("{FAE04EC0-301F-11D3-BF4B-00C04F79EFBC}") = "DataAccess.PostgreSql", "src\Infrastructure.Implementation\DataAccess.PostgreSql\DataAccess.PostgreSql.csproj", "{E973AAF9-369C-4C98-AB8E-77C682336AEC}"
EndProject
Project("{FAE04EC0-301F-11D3-BF4B-00C04F79EFBC}") = "Utils", "src\Utils\Utils.csproj", "{8901BDE2-E602-402B-A6B4-5931BBA51363}"
EndProject
Project("{FAE04EC0-301F-11D3-BF4B-00C04F79EFBC}") = "UseCases", "src\UseCases\UseCases.csproj", "{15E916AE-6C3A-4037-9914-0E056C59B07D}"
EndProject
Project("{FAE04EC0-301F-11D3-BF4B-00C04F79EFBC}") = "Messaging.RabbitMq", "src\Infrastructure.Implementation\Messaging.RabbitMq\Messaging.RabbitMq.csproj", "{DB0A5057-1E67-493F-89E9-8C312AC5A5A7}"
EndProject
Project("{2150E333-8FDC-42A3-9474-1A3956D46DE8}") = "Api", "Api", "{E08A6BC9-459E-4FA2-ABE5-C235EE506A32}"
EndProject
Project("{FAE04EC0-301F-11D3-BF4B-00C04F79EFBC}") = "RabbitMqExample.Api", "src\Api\RabbitMqExample.Api.csproj", "{BF9FA0E5-FE18-466C-BC2A-D94221C917F2}"
EndProject
Global
	GlobalSection(SolutionConfigurationPlatforms) = preSolution
		Debug|Any CPU = Debug|Any CPU
		Release|Any CPU = Release|Any CPU
	EndGlobalSection
	GlobalSection(ProjectConfigurationPlatforms) = postSolution
		{24B1E1B9-F7DA-4930-8268-E360FB49D374}.Debug|Any CPU.ActiveCfg = Debug|Any CPU
		{24B1E1B9-F7DA-4930-8268-E360FB49D374}.Debug|Any CPU.Build.0 = Debug|Any CPU
		{24B1E1B9-F7DA-4930-8268-E360FB49D374}.Release|Any CPU.ActiveCfg = Release|Any CPU
		{24B1E1B9-F7DA-4930-8268-E360FB49D374}.Release|Any CPU.Build.0 = Release|Any CPU
		{E526F6CF-74BC-4709-8411-39809B54522B}.Debug|Any CPU.ActiveCfg = Debug|Any CPU
		{E526F6CF-74BC-4709-8411-39809B54522B}.Debug|Any CPU.Build.0 = Debug|Any CPU
		{E526F6CF-74BC-4709-8411-39809B54522B}.Release|Any CPU.ActiveCfg = Release|Any CPU
		{E526F6CF-74BC-4709-8411-39809B54522B}.Release|Any CPU.Build.0 = Release|Any CPU
		{E973AAF9-369C-4C98-AB8E-77C682336AEC}.Debug|Any CPU.ActiveCfg = Debug|Any CPU
		{E973AAF9-369C-4C98-AB8E-77C682336AEC}.Debug|Any CPU.Build.0 = Debug|Any CPU
		{E973AAF9-369C-4C98-AB8E-77C682336AEC}.Release|Any CPU.ActiveCfg = Release|Any CPU
		{E973AAF9-369C-4C98-AB8E-77C682336AEC}.Release|Any CPU.Build.0 = Release|Any CPU
		{8901BDE2-E602-402B-A6B4-5931BBA51363}.Debug|Any CPU.ActiveCfg = Debug|Any CPU
		{8901BDE2-E602-402B-A6B4-5931BBA51363}.Debug|Any CPU.Build.0 = Debug|Any CPU
		{8901BDE2-E602-402B-A6B4-5931BBA51363}.Release|Any CPU.ActiveCfg = Release|Any CPU
		{8901BDE2-E602-402B-A6B4-5931BBA51363}.Release|Any CPU.Build.0 = Release|Any CPU
		{15E916AE-6C3A-4037-9914-0E056C59B07D}.Debug|Any CPU.ActiveCfg = Debug|Any CPU
		{15E916AE-6C3A-4037-9914-0E056C59B07D}.Debug|Any CPU.Build.0 = Debug|Any CPU
		{15E916AE-6C3A-4037-9914-0E056C59B07D}.Release|Any CPU.ActiveCfg = Release|Any CPU
		{15E916AE-6C3A-4037-9914-0E056C59B07D}.Release|Any CPU.Build.0 = Release|Any CPU
		{DB0A5057-1E67-493F-89E9-8C312AC5A5A7}.Debug|Any CPU.ActiveCfg = Debug|Any CPU
		{DB0A5057-1E67-493F-89E9-8C312AC5A5A7}.Debug|Any CPU.Build.0 = Debug|Any CPU
		{DB0A5057-1E67-493F-89E9-8C312AC5A5A7}.Release|Any CPU.ActiveCfg = Release|Any CPU
		{DB0A5057-1E67-493F-89E9-8C312AC5A5A7}.Release|Any CPU.Build.0 = Release|Any CPU
		{BF9FA0E5-FE18-466C-BC2A-D94221C917F2}.Debug|Any CPU.ActiveCfg = Debug|Any CPU
		{BF9FA0E5-FE18-466C-BC2A-D94221C917F2}.Debug|Any CPU.Build.0 = Debug|Any CPU
		{BF9FA0E5-FE18-466C-BC2A-D94221C917F2}.Release|Any CPU.ActiveCfg = Release|Any CPU
		{BF9FA0E5-FE18-466C-BC2A-D94221C917F2}.Release|Any CPU.Build.0 = Release|Any CPU
	EndGlobalSection
	GlobalSection(NestedProjects) = preSolution
		{40A2EEAB-E0B0-4043-8F69-39B9DC834FEF} = {F9D6163D-AC34-4658-993B-8A157A384548}
		{2BBE8C2E-7745-4916-8B67-D5B9421828B1} = {F9D6163D-AC34-4658-993B-8A157A384548}
		{5728C117-9F63-4728-8FE9-F2A86CCCA5A5} = {F9D6163D-AC34-4658-993B-8A157A384548}
		{99CD48E9-6654-4B56-89E2-0D28910FE331} = {F9D6163D-AC34-4658-993B-8A157A384548}
		{AFE73BAF-1A6A-422E-9BDD-F3A5AA15DEB0} = {F9D6163D-AC34-4658-993B-8A157A384548}
		{24B1E1B9-F7DA-4930-8268-E360FB49D374} = {40A2EEAB-E0B0-4043-8F69-39B9DC834FEF}
		{E526F6CF-74BC-4709-8411-39809B54522B} = {5728C117-9F63-4728-8FE9-F2A86CCCA5A5}
		{E973AAF9-369C-4C98-AB8E-77C682336AEC} = {99CD48E9-6654-4B56-89E2-0D28910FE331}
		{8901BDE2-E602-402B-A6B4-5931BBA51363} = {2BBE8C2E-7745-4916-8B67-D5B9421828B1}
		{15E916AE-6C3A-4037-9914-0E056C59B07D} = {AFE73BAF-1A6A-422E-9BDD-F3A5AA15DEB0}
		{DB0A5057-1E67-493F-89E9-8C312AC5A5A7} = {99CD48E9-6654-4B56-89E2-0D28910FE331}
		{E08A6BC9-459E-4FA2-ABE5-C235EE506A32} = {F9D6163D-AC34-4658-993B-8A157A384548}
		{BF9FA0E5-FE18-466C-BC2A-D94221C917F2} = {E08A6BC9-459E-4FA2-ABE5-C235EE506A32}
	EndGlobalSection
EndGlobal
