
Microsoft Visual Studio Solution File, Format Version 12.00
Project("{FAE04EC0-301F-11D3-BF4B-00C04F79EFBC}") = "RabbitSampleApis.Producer", "RabbitSampleApis.Producer\RabbitSampleApis.Producer.csproj", "{C5BD063E-DE2D-4DEC-AD55-630904994007}"
EndProject
Project("{FAE04EC0-301F-11D3-BF4B-00C04F79EFBC}") = "RabbitSampleApis.Consumer", "RabbitSampleApis.Consumer\RabbitSampleApis.Consumer.csproj", "{90EADE7C-DA4A-457D-944E-93B478C3237A}"
EndProject
Project("{FAE04EC0-301F-11D3-BF4B-00C04F79EFBC}") = "RabbitSampleApis.Helper", "RabbitSampleApis.Helper\RabbitSampleApis.Helper.csproj", "{6376C5A3-5577-46D9-AF5C-366689068AC7}"
EndProject
Global
	GlobalSection(SolutionConfigurationPlatforms) = preSolution
		Debug|Any CPU = Debug|Any CPU
		Release|Any CPU = Release|Any CPU
	EndGlobalSection
	GlobalSection(ProjectConfigurationPlatforms) = postSolution
		{C5BD063E-DE2D-4DEC-AD55-630904994007}.Debug|Any CPU.ActiveCfg = Debug|Any CPU
		{C5BD063E-DE2D-4DEC-AD55-630904994007}.Debug|Any CPU.Build.0 = Debug|Any CPU
		{C5BD063E-DE2D-4DEC-AD55-630904994007}.Release|Any CPU.ActiveCfg = Release|Any CPU
		{C5BD063E-DE2D-4DEC-AD55-630904994007}.Release|Any CPU.Build.0 = Release|Any CPU
		{90EADE7C-DA4A-457D-944E-93B478C3237A}.Debug|Any CPU.ActiveCfg = Debug|Any CPU
		{90EADE7C-DA4A-457D-944E-93B478C3237A}.Debug|Any CPU.Build.0 = Debug|Any CPU
		{90EADE7C-DA4A-457D-944E-93B478C3237A}.Release|Any CPU.ActiveCfg = Release|Any CPU
		{90EADE7C-DA4A-457D-944E-93B478C3237A}.Release|Any CPU.Build.0 = Release|Any CPU
		{6376C5A3-5577-46D9-AF5C-366689068AC7}.Debug|Any CPU.ActiveCfg = Debug|Any CPU
		{6376C5A3-5577-46D9-AF5C-366689068AC7}.Debug|Any CPU.Build.0 = Debug|Any CPU
		{6376C5A3-5577-46D9-AF5C-366689068AC7}.Release|Any CPU.ActiveCfg = Release|Any CPU
		{6376C5A3-5577-46D9-AF5C-366689068AC7}.Release|Any CPU.Build.0 = Release|Any CPU
	EndGlobalSection
EndGlobal
